
Microsoft Visual Studio Solution File, Format Version 12.00
# Visual Studio Version 16
VisualStudioVersion = 16.0.30413.136
MinimumVisualStudioVersion = 10.0.40219.1
Project("{FAE04EC0-301F-11D3-BF4B-00C04F79EFBC}") = "MakeChangePt2", "MakeChangePt2\MakeChangePt2.csproj", "{50023521-32C5-48D6-8037-6F34CC419AA1}"
EndProject
Global
	GlobalSection(SolutionConfigurationPlatforms) = preSolution
		Debug|Any CPU = Debug|Any CPU
		Release|Any CPU = Release|Any CPU
	EndGlobalSection
	GlobalSection(ProjectConfigurationPlatforms) = postSolution
		{50023521-32C5-48D6-8037-6F34CC419AA1}.Debug|Any CPU.ActiveCfg = Debug|Any CPU
		{50023521-32C5-48D6-8037-6F34CC419AA1}.Debug|Any CPU.Build.0 = Debug|Any CPU
		{50023521-32C5-48D6-8037-6F34CC419AA1}.Release|Any CPU.ActiveCfg = Release|Any CPU
		{50023521-32C5-48D6-8037-6F34CC419AA1}.Release|Any CPU.Build.0 = Release|Any CPU
	EndGlobalSection
	GlobalSection(SolutionProperties) = preSolution
		HideSolutionNode = FALSE
	EndGlobalSection
	GlobalSection(ExtensibilityGlobals) = postSolution
		SolutionGuid = {7E23D00F-78EB-44E8-BC5B-A837F2F41091}
	EndGlobalSection
EndGlobal
